
Microsoft Visual Studio Solution File, Format Version 12.00
# Visual Studio Version 16
VisualStudioVersion = 16.0.29025.244
MinimumVisualStudioVersion = 10.0.40219.1
Project("{FAE04EC0-301F-11D3-BF4B-00C04F79EFBC}") = "SpyServer", "SpyServer\SpyServer.csproj", "{EC960657-2111-45F7-8A48-9B37CC14B5ED}"
EndProject
Global
	GlobalSection(SolutionConfigurationPlatforms) = preSolution
		Debug|Any CPU = Debug|Any CPU
		Release|Any CPU = Release|Any CPU
	EndGlobalSection
	GlobalSection(ProjectConfigurationPlatforms) = postSolution
		{EC960657-2111-45F7-8A48-9B37CC14B5ED}.Debug|Any CPU.ActiveCfg = Debug|Any CPU
		{EC960657-2111-45F7-8A48-9B37CC14B5ED}.Debug|Any CPU.Build.0 = Debug|Any CPU
		{EC960657-2111-45F7-8A48-9B37CC14B5ED}.Release|Any CPU.ActiveCfg = Release|Any CPU
		{EC960657-2111-45F7-8A48-9B37CC14B5ED}.Release|Any CPU.Build.0 = Release|Any CPU
	EndGlobalSection
	GlobalSection(SolutionProperties) = preSolution
		HideSolutionNode = FALSE
	EndGlobalSection
	GlobalSection(ExtensibilityGlobals) = postSolution
		SolutionGuid = {AEC9EC4D-4DC3-4336-AC3D-D6A666A80910}
	EndGlobalSection
EndGlobal
